
Microsoft Visual Studio Solution File, Format Version 12.00
# Visual Studio Version 16
VisualStudioVersion = 16.0.30114.105
MinimumVisualStudioVersion = 10.0.40219.1
Project("{FAE04EC0-301F-11D3-BF4B-00C04F79EFBC}") = "API", "API\API.csproj", "{E40D1F54-B1E8-41B3-8B48-9F7CF05D5C9B}"
EndProject
Project("{FAE04EC0-301F-11D3-BF4B-00C04F79EFBC}") = "Core", "Core\Core.csproj", "{F44E4836-D5D8-4B02-8A40-E426F7FC7A8C}"
EndProject
Project("{FAE04EC0-301F-11D3-BF4B-00C04F79EFBC}") = "Infrastructure", "Infrastructure\Infrastructure.csproj", "{788EE9B5-C5CC-4D11-869C-B49C23217C13}"
EndProject
Global
	GlobalSection(SolutionConfigurationPlatforms) = preSolution
		Debug|Any CPU = Debug|Any CPU
		Release|Any CPU = Release|Any CPU
	EndGlobalSection
	GlobalSection(SolutionProperties) = preSolution
		HideSolutionNode = FALSE
	EndGlobalSection
	GlobalSection(ProjectConfigurationPlatforms) = postSolution
		{E40D1F54-B1E8-41B3-8B48-9F7CF05D5C9B}.Debug|Any CPU.ActiveCfg = Debug|Any CPU
		{E40D1F54-B1E8-41B3-8B48-9F7CF05D5C9B}.Debug|Any CPU.Build.0 = Debug|Any CPU
		{E40D1F54-B1E8-41B3-8B48-9F7CF05D5C9B}.Release|Any CPU.ActiveCfg = Release|Any CPU
		{E40D1F54-B1E8-41B3-8B48-9F7CF05D5C9B}.Release|Any CPU.Build.0 = Release|Any CPU
		{F44E4836-D5D8-4B02-8A40-E426F7FC7A8C}.Debug|Any CPU.ActiveCfg = Debug|Any CPU
		{F44E4836-D5D8-4B02-8A40-E426F7FC7A8C}.Debug|Any CPU.Build.0 = Debug|Any CPU
		{F44E4836-D5D8-4B02-8A40-E426F7FC7A8C}.Release|Any CPU.ActiveCfg = Release|Any CPU
		{F44E4836-D5D8-4B02-8A40-E426F7FC7A8C}.Release|Any CPU.Build.0 = Release|Any CPU
		{788EE9B5-C5CC-4D11-869C-B49C23217C13}.Debug|Any CPU.ActiveCfg = Debug|Any CPU
		{788EE9B5-C5CC-4D11-869C-B49C23217C13}.Debug|Any CPU.Build.0 = Debug|Any CPU
		{788EE9B5-C5CC-4D11-869C-B49C23217C13}.Release|Any CPU.ActiveCfg = Release|Any CPU
		{788EE9B5-C5CC-4D11-869C-B49C23217C13}.Release|Any CPU.Build.0 = Release|Any CPU
	EndGlobalSection
EndGlobal
